
Microsoft Visual Studio Solution File, Format Version 12.00
# Visual Studio Version 16
VisualStudioVersion = 16.0.31402.337
MinimumVisualStudioVersion = 10.0.40219.1
Project("{FAE04EC0-301F-11D3-BF4B-00C04F79EFBC}") = "HomeWork _1", "HomeWork _1\HomeWork _1.csproj", "{82467112-3618-422C-8588-9A43FCEAC768}"
EndProject
Global
	GlobalSection(SolutionConfigurationPlatforms) = preSolution
		Debug|Any CPU = Debug|Any CPU
		Release|Any CPU = Release|Any CPU
	EndGlobalSection
	GlobalSection(ProjectConfigurationPlatforms) = postSolution
		{82467112-3618-422C-8588-9A43FCEAC768}.Debug|Any CPU.ActiveCfg = Debug|Any CPU
		{82467112-3618-422C-8588-9A43FCEAC768}.Debug|Any CPU.Build.0 = Debug|Any CPU
		{82467112-3618-422C-8588-9A43FCEAC768}.Release|Any CPU.ActiveCfg = Release|Any CPU
		{82467112-3618-422C-8588-9A43FCEAC768}.Release|Any CPU.Build.0 = Release|Any CPU
	EndGlobalSection
	GlobalSection(SolutionProperties) = preSolution
		HideSolutionNode = FALSE
	EndGlobalSection
	GlobalSection(ExtensibilityGlobals) = postSolution
		SolutionGuid = {6987CE56-AB57-4586-AD04-4AC32041B8B5}
	EndGlobalSection
EndGlobal
